
Microsoft Visual Studio Solution File, Format Version 12.00
# Visual Studio Version 17
VisualStudioVersion = 17.7.34018.315
MinimumVisualStudioVersion = 10.0.40219.1
Project("{FAE04EC0-301F-11D3-BF4B-00C04F79EFBC}") = "62_Tu_N1_TestWebOpenweather", "UnitTestOpenWeather\62_Tu_N1_TestWebOpenweather.csproj", "{0A7BB3DF-456E-4A15-B4C0-E2846EDF5BF3}"
EndProject
Global
	GlobalSection(SolutionConfigurationPlatforms) = preSolution
		Debug|Any CPU = Debug|Any CPU
		Release|Any CPU = Release|Any CPU
	EndGlobalSection
	GlobalSection(ProjectConfigurationPlatforms) = postSolution
		{0A7BB3DF-456E-4A15-B4C0-E2846EDF5BF3}.Debug|Any CPU.ActiveCfg = Debug|Any CPU
		{0A7BB3DF-456E-4A15-B4C0-E2846EDF5BF3}.Debug|Any CPU.Build.0 = Debug|Any CPU
		{0A7BB3DF-456E-4A15-B4C0-E2846EDF5BF3}.Release|Any CPU.ActiveCfg = Release|Any CPU
		{0A7BB3DF-456E-4A15-B4C0-E2846EDF5BF3}.Release|Any CPU.Build.0 = Release|Any CPU
	EndGlobalSection
	GlobalSection(SolutionProperties) = preSolution
		HideSolutionNode = FALSE
	EndGlobalSection
	GlobalSection(ExtensibilityGlobals) = postSolution
		SolutionGuid = {72633BBC-A1AC-4773-83E2-E6E4263AB4DB}
	EndGlobalSection
EndGlobal
